
Microsoft Visual Studio Solution File, Format Version 12.00
# Visual Studio Version 17
VisualStudioVersion = 17.1.32228.430
MinimumVisualStudioVersion = 10.0.40219.1
Project("{FAE04EC0-301F-11D3-BF4B-00C04F79EFBC}") = "ROPark_II", "ROPark_II\ROPark_II.csproj", "{BB0A57DE-9795-439D-BD67-61E3C1BB1604}"
EndProject
Project("{FAE04EC0-301F-11D3-BF4B-00C04F79EFBC}") = "WebServer", "WebServer\WebServer.csproj", "{0EDAEBA2-BB8A-46B6-8DDC-78B1647B1585}"
EndProject
Global
	GlobalSection(SolutionConfigurationPlatforms) = preSolution
		Debug|Any CPU = Debug|Any CPU
		Release|Any CPU = Release|Any CPU
	EndGlobalSection
	GlobalSection(ProjectConfigurationPlatforms) = postSolution
		{BB0A57DE-9795-439D-BD67-61E3C1BB1604}.Debug|Any CPU.ActiveCfg = Debug|Any CPU
		{BB0A57DE-9795-439D-BD67-61E3C1BB1604}.Debug|Any CPU.Build.0 = Debug|Any CPU
		{BB0A57DE-9795-439D-BD67-61E3C1BB1604}.Release|Any CPU.ActiveCfg = Release|Any CPU
		{BB0A57DE-9795-439D-BD67-61E3C1BB1604}.Release|Any CPU.Build.0 = Release|Any CPU
		{0EDAEBA2-BB8A-46B6-8DDC-78B1647B1585}.Debug|Any CPU.ActiveCfg = Debug|Any CPU
		{0EDAEBA2-BB8A-46B6-8DDC-78B1647B1585}.Debug|Any CPU.Build.0 = Debug|Any CPU
		{0EDAEBA2-BB8A-46B6-8DDC-78B1647B1585}.Release|Any CPU.ActiveCfg = Release|Any CPU
		{0EDAEBA2-BB8A-46B6-8DDC-78B1647B1585}.Release|Any CPU.Build.0 = Release|Any CPU
	EndGlobalSection
	GlobalSection(SolutionProperties) = preSolution
		HideSolutionNode = FALSE
	EndGlobalSection
	GlobalSection(ExtensibilityGlobals) = postSolution
		SolutionGuid = {02F8CEB2-567A-49FF-8C69-6D0E5CDBD952}
	EndGlobalSection
EndGlobal
